
Microsoft Visual Studio Solution File, Format Version 12.00
# Visual Studio 15
VisualStudioVersion = 15.0.27428.2037
MinimumVisualStudioVersion = 10.0.40219.1
Project("{FAE04EC0-301F-11D3-BF4B-00C04F79EFBC}") = "FromMongoToRabbitLib", "FromMongoToRabbit\FromMongoToRabbitLib.csproj", "{58450E83-AC62-477C-9D49-B5DAA6A9614E}"
EndProject
Project("{FAE04EC0-301F-11D3-BF4B-00C04F79EFBC}") = "MongoToRabbitTest", "MongoTest\MongoToRabbitTest.csproj", "{841E1EFA-30F4-4DCC-BC04-B6A6A8588F18}"
EndProject
Project("{FAE04EC0-301F-11D3-BF4B-00C04F79EFBC}") = "RabbitSender", "AppManager\RabbitSender.csproj", "{D617B120-8D69-4D04-B95D-3F12D622AB06}"
EndProject
Project("{FAE04EC0-301F-11D3-BF4B-00C04F79EFBC}") = "RabbitReceiver", "RabbitReceiver\RabbitReceiver.csproj", "{FC9DDE23-3D2A-4614-996C-68BFF73AC26A}"
EndProject
Global
	GlobalSection(SolutionConfigurationPlatforms) = preSolution
		Debug|Any CPU = Debug|Any CPU
		Release|Any CPU = Release|Any CPU
	EndGlobalSection
	GlobalSection(ProjectConfigurationPlatforms) = postSolution
		{58450E83-AC62-477C-9D49-B5DAA6A9614E}.Debug|Any CPU.ActiveCfg = Debug|Any CPU
		{58450E83-AC62-477C-9D49-B5DAA6A9614E}.Debug|Any CPU.Build.0 = Debug|Any CPU
		{58450E83-AC62-477C-9D49-B5DAA6A9614E}.Release|Any CPU.ActiveCfg = Release|Any CPU
		{58450E83-AC62-477C-9D49-B5DAA6A9614E}.Release|Any CPU.Build.0 = Release|Any CPU
		{841E1EFA-30F4-4DCC-BC04-B6A6A8588F18}.Debug|Any CPU.ActiveCfg = Debug|Any CPU
		{841E1EFA-30F4-4DCC-BC04-B6A6A8588F18}.Debug|Any CPU.Build.0 = Debug|Any CPU
		{841E1EFA-30F4-4DCC-BC04-B6A6A8588F18}.Release|Any CPU.ActiveCfg = Release|Any CPU
		{841E1EFA-30F4-4DCC-BC04-B6A6A8588F18}.Release|Any CPU.Build.0 = Release|Any CPU
		{D617B120-8D69-4D04-B95D-3F12D622AB06}.Debug|Any CPU.ActiveCfg = Debug|Any CPU
		{D617B120-8D69-4D04-B95D-3F12D622AB06}.Debug|Any CPU.Build.0 = Debug|Any CPU
		{D617B120-8D69-4D04-B95D-3F12D622AB06}.Release|Any CPU.ActiveCfg = Release|Any CPU
		{D617B120-8D69-4D04-B95D-3F12D622AB06}.Release|Any CPU.Build.0 = Release|Any CPU
		{FC9DDE23-3D2A-4614-996C-68BFF73AC26A}.Debug|Any CPU.ActiveCfg = Debug|Any CPU
		{FC9DDE23-3D2A-4614-996C-68BFF73AC26A}.Debug|Any CPU.Build.0 = Debug|Any CPU
		{FC9DDE23-3D2A-4614-996C-68BFF73AC26A}.Release|Any CPU.ActiveCfg = Release|Any CPU
		{FC9DDE23-3D2A-4614-996C-68BFF73AC26A}.Release|Any CPU.Build.0 = Release|Any CPU
	EndGlobalSection
	GlobalSection(SolutionProperties) = preSolution
		HideSolutionNode = FALSE
	EndGlobalSection
	GlobalSection(ExtensibilityGlobals) = postSolution
		SolutionGuid = {3BC4D8D8-9AF2-4860-9BF0-87C8844D5ED1}
	EndGlobalSection
EndGlobal
