
Microsoft Visual Studio Solution File, Format Version 12.00
# Visual Studio 15
VisualStudioVersion = 15.0.27428.2037
MinimumVisualStudioVersion = 10.0.40219.1
Project("{FAE04EC0-301F-11D3-BF4B-00C04F79EFBC}") = "FromMongoToRabbit", "FromMongoToRabbit\FromMongoToRabbit.csproj", "{58450E83-AC62-477C-9D49-B5DAA6A9614E}"
EndProject
Global
	GlobalSection(SolutionConfigurationPlatforms) = preSolution
		Debug|Any CPU = Debug|Any CPU
		Release|Any CPU = Release|Any CPU
	EndGlobalSection
	GlobalSection(ProjectConfigurationPlatforms) = postSolution
		{58450E83-AC62-477C-9D49-B5DAA6A9614E}.Debug|Any CPU.ActiveCfg = Debug|Any CPU
		{58450E83-AC62-477C-9D49-B5DAA6A9614E}.Debug|Any CPU.Build.0 = Debug|Any CPU
		{58450E83-AC62-477C-9D49-B5DAA6A9614E}.Release|Any CPU.ActiveCfg = Release|Any CPU
		{58450E83-AC62-477C-9D49-B5DAA6A9614E}.Release|Any CPU.Build.0 = Release|Any CPU
	EndGlobalSection
	GlobalSection(SolutionProperties) = preSolution
		HideSolutionNode = FALSE
	EndGlobalSection
	GlobalSection(ExtensibilityGlobals) = postSolution
		SolutionGuid = {3BC4D8D8-9AF2-4860-9BF0-87C8844D5ED1}
	EndGlobalSection
EndGlobal
